
Microsoft Visual Studio Solution File, Format Version 12.00
# Visual Studio Version 17
VisualStudioVersion = 17.5.002.0
MinimumVisualStudioVersion = 10.0.40219.1
Project("{9A19103F-16F7-4668-BE54-9A1E7A4F7556}") = "EmployeeCRUDApp", "EmployeeCRUDApp.csproj", "{A2D5D530-9BAE-4FA8-9F66-F5BDDDB2809F}"
EndProject
Global
	GlobalSection(SolutionConfigurationPlatforms) = preSolution
		Debug|Any CPU = Debug|Any CPU
		Release|Any CPU = Release|Any CPU
	EndGlobalSection
	GlobalSection(ProjectConfigurationPlatforms) = postSolution
		{A2D5D530-9BAE-4FA8-9F66-F5BDDDB2809F}.Debug|Any CPU.ActiveCfg = Debug|Any CPU
		{A2D5D530-9BAE-4FA8-9F66-F5BDDDB2809F}.Debug|Any CPU.Build.0 = Debug|Any CPU
		{A2D5D530-9BAE-4FA8-9F66-F5BDDDB2809F}.Release|Any CPU.ActiveCfg = Release|Any CPU
		{A2D5D530-9BAE-4FA8-9F66-F5BDDDB2809F}.Release|Any CPU.Build.0 = Release|Any CPU
	EndGlobalSection
	GlobalSection(SolutionProperties) = preSolution
		HideSolutionNode = FALSE
	EndGlobalSection
	GlobalSection(ExtensibilityGlobals) = postSolution
		SolutionGuid = {F46D0C9B-8234-4B71-876F-2BEFAFB71E02}
	EndGlobalSection
EndGlobal
